
Microsoft Visual Studio Solution File, Format Version 12.00
# Visual Studio Version 17
VisualStudioVersion = 17.9.34714.143
MinimumVisualStudioVersion = 10.0.40219.1
Project("{FAE04EC0-301F-11D3-BF4B-00C04F79EFBC}") = "BanHangNoiThat", "BanHangNoiThat\BanHangNoiThat.csproj", "{7640F8BC-791D-4951-9C7E-E6254CADC368}"
EndProject
Global
	GlobalSection(SolutionConfigurationPlatforms) = preSolution
		Debug|Any CPU = Debug|Any CPU
		Release|Any CPU = Release|Any CPU
	EndGlobalSection
	GlobalSection(ProjectConfigurationPlatforms) = postSolution
		{7640F8BC-791D-4951-9C7E-E6254CADC368}.Debug|Any CPU.ActiveCfg = Debug|Any CPU
		{7640F8BC-791D-4951-9C7E-E6254CADC368}.Debug|Any CPU.Build.0 = Debug|Any CPU
		{7640F8BC-791D-4951-9C7E-E6254CADC368}.Release|Any CPU.ActiveCfg = Release|Any CPU
		{7640F8BC-791D-4951-9C7E-E6254CADC368}.Release|Any CPU.Build.0 = Release|Any CPU
	EndGlobalSection
	GlobalSection(SolutionProperties) = preSolution
		HideSolutionNode = FALSE
	EndGlobalSection
	GlobalSection(ExtensibilityGlobals) = postSolution
		SolutionGuid = {EDD33834-8210-4A16-8495-45E20FCC542F}
	EndGlobalSection
EndGlobal
